
Microsoft Visual Studio Solution File, Format Version 12.00
# Visual Studio Version 17
VisualStudioVersion = 17.13.35931.197 d17.13
MinimumVisualStudioVersion = 10.0.40219.1
Project("{FAE04EC0-301F-11D3-BF4B-00C04F79EFBC}") = "ToDoApp", "ToDoApp.csproj", "{7A92B776-75E5-49E6-984E-FDC99375099A}"
EndProject
Global
	GlobalSection(SolutionConfigurationPlatforms) = preSolution
		Debug|Any CPU = Debug|Any CPU
		Release|Any CPU = Release|Any CPU
	EndGlobalSection
	GlobalSection(ProjectConfigurationPlatforms) = postSolution
		{7A92B776-75E5-49E6-984E-FDC99375099A}.Debug|Any CPU.ActiveCfg = Debug|Any CPU
		{7A92B776-75E5-49E6-984E-FDC99375099A}.Debug|Any CPU.Build.0 = Debug|Any CPU
		{7A92B776-75E5-49E6-984E-FDC99375099A}.Release|Any CPU.ActiveCfg = Release|Any CPU
		{7A92B776-75E5-49E6-984E-FDC99375099A}.Release|Any CPU.Build.0 = Release|Any CPU
	EndGlobalSection
	GlobalSection(SolutionProperties) = preSolution
		HideSolutionNode = FALSE
	EndGlobalSection
	GlobalSection(ExtensibilityGlobals) = postSolution
		SolutionGuid = {B96598B9-4479-49EC-BCBC-FF5A0D98F329}
	EndGlobalSection
EndGlobal
